// !$*UTF8*$!
{
	archiveVersion = 1;
	classes = {
	};
	objectVersion = 46;
	objects = {

/* Begin PBXBuildFile section */
		879B4D4B1E670232005950FC /* SYNewsTypeModel.m in Sources */ = {isa = PBXBuildFile; fileRef = 879B4D4A1E670232005950FC /* SYNewsTypeModel.m */; };
		879B4D4E1E671CF2005950FC /* SYNewsBasicVC.m in Sources */ = {isa = PBXBuildFile; fileRef = 879B4D4D1E671CF2005950FC /* SYNewsBasicVC.m */; };
		879B4D511E672058005950FC /* SYNewsAdModel.m in Sources */ = {isa = PBXBuildFile; fileRef = 879B4D501E672058005950FC /* SYNewsAdModel.m */; };
		879B4D541E67212A005950FC /* SYNewsSingleModel.m in Sources */ = {isa = PBXBuildFile; fileRef = 879B4D531E67212A005950FC /* SYNewsSingleModel.m */; };
		87D979021E68710300FAC889 /* SYVRSingleModel.m in Sources */ = {isa = PBXBuildFile; fileRef = 87D979011E68710300FAC889 /* SYVRSingleModel.m */; };
		9D0AB6C41E68FE7700F1E597 /* SYVRCell.m in Sources */ = {isa = PBXBuildFile; fileRef = 9D0AB6C21E68FE7700F1E597 /* SYVRCell.m */; };
		9D0AB6C51E68FE7700F1E597 /* SYVRCell.xib in Resources */ = {isa = PBXBuildFile; fileRef = 9D0AB6C31E68FE7700F1E597 /* SYVRCell.xib */; };
		9D0AB6C81E69131F00F1E597 /* SYDialogueSingleModel.m in Sources */ = {isa = PBXBuildFile; fileRef = 9D0AB6C71E69131F00F1E597 /* SYDialogueSingleModel.m */; };
		9D0AB6CC1E69132F00F1E597 /* SYDialogueCell.m in Sources */ = {isa = PBXBuildFile; fileRef = 9D0AB6CA1E69132F00F1E597 /* SYDialogueCell.m */; };
		9D0AB6CD1E69132F00F1E597 /* SYDialogueCell.xib in Resources */ = {isa = PBXBuildFile; fileRef = 9D0AB6CB1E69132F00F1E597 /* SYDialogueCell.xib */; };
		9D0AB6D41E691EB600F1E597 /* SYActivitiesCell.m in Sources */ = {isa = PBXBuildFile; fileRef = 9D0AB6D21E691EB600F1E597 /* SYActivitiesCell.m */; };
		9D0AB6D51E691EB600F1E597 /* SYActivitiesCell.xib in Resources */ = {isa = PBXBuildFile; fileRef = 9D0AB6D31E691EB600F1E597 /* SYActivitiesCell.xib */; };
		9D0AB6D81E691EC900F1E597 /* SYActivitiesSingleModel.m in Sources */ = {isa = PBXBuildFile; fileRef = 9D0AB6D71E691EC900F1E597 /* SYActivitiesSingleModel.m */; };
		9D41E83E1E66656000C0D8B1 /* main.m in Sources */ = {isa = PBXBuildFile; fileRef = 9D41E83D1E66656000C0D8B1 /* main.m */; };
		9D41E8411E66656000C0D8B1 /* AppDelegate.m in Sources */ = {isa = PBXBuildFile; fileRef = 9D41E8401E66656000C0D8B1 /* AppDelegate.m */; };
		9D41E8491E66656100C0D8B1 /* Assets.xcassets in Resources */ = {isa = PBXBuildFile; fileRef = 9D41E8481E66656100C0D8B1 /* Assets.xcassets */; };
		9D41E84C1E66656100C0D8B1 /* LaunchScreen.storyboard in Resources */ = {isa = PBXBuildFile; fileRef = 9D41E84A1E66656100C0D8B1 /* LaunchScreen.storyboard */; };
		9D41E8621E666B0F00C0D8B1 /* SYNavigationController.m in Sources */ = {isa = PBXBuildFile; fileRef = 9D41E8611E666B0F00C0D8B1 /* SYNavigationController.m */; };
		9D41E8651E666B3F00C0D8B1 /* SYTabBarController.m in Sources */ = {isa = PBXBuildFile; fileRef = 9D41E8641E666B3F00C0D8B1 /* SYTabBarController.m */; };
		9D41E8871E666D1A00C0D8B1 /* _JZNavigationInteractiveTransition.m in Sources */ = {isa = PBXBuildFile; fileRef = 9D41E87A1E666D1A00C0D8B1 /* _JZNavigationInteractiveTransition.m */; };
		9D41E8881E666D1A00C0D8B1 /* _JZValue.m in Sources */ = {isa = PBXBuildFile; fileRef = 9D41E87C1E666D1A00C0D8B1 /* _JZValue.m */; };
		9D41E8891E666D1A00C0D8B1 /* NSNumber+JZExtension.m in Sources */ = {isa = PBXBuildFile; fileRef = 9D41E87E1E666D1A00C0D8B1 /* NSNumber+JZExtension.m */; };
		9D41E88A1E666D1A00C0D8B1 /* UINavigationBar+JZExtension.m in Sources */ = {isa = PBXBuildFile; fileRef = 9D41E8801E666D1A00C0D8B1 /* UINavigationBar+JZExtension.m */; };
		9D41E88B1E666D1A00C0D8B1 /* UIToolbar+JZExtension.m in Sources */ = {isa = PBXBuildFile; fileRef = 9D41E8821E666D1A00C0D8B1 /* UIToolbar+JZExtension.m */; };
		9D41E88C1E666D1A00C0D8B1 /* UINavigationController+JZExtension.m in Sources */ = {isa = PBXBuildFile; fileRef = 9D41E8841E666D1A00C0D8B1 /* UINavigationController+JZExtension.m */; };
		9D41E88D1E666D1A00C0D8B1 /* UIViewController+JZExtension.m in Sources */ = {isa = PBXBuildFile; fileRef = 9D41E8861E666D1A00C0D8B1 /* UIViewController+JZExtension.m */; };
		9D41E8901E666D4400C0D8B1 /* SYNewsVC.m in Sources */ = {isa = PBXBuildFile; fileRef = 9D41E88F1E666D4400C0D8B1 /* SYNewsVC.m */; };
		9D41E8961E669D0B00C0D8B1 /* SYDialogueVC.m in Sources */ = {isa = PBXBuildFile; fileRef = 9D41E8951E669D0B00C0D8B1 /* SYDialogueVC.m */; };
		9D41E8991E669D2A00C0D8B1 /* SYActivitiesVC.m in Sources */ = {isa = PBXBuildFile; fileRef = 9D41E8981E669D2A00C0D8B1 /* SYActivitiesVC.m */; };
		9D41E89C1E669D3D00C0D8B1 /* SYMeVC.m in Sources */ = {isa = PBXBuildFile; fileRef = 9D41E89B1E669D3D00C0D8B1 /* SYMeVC.m */; };
		9D41E89F1E669DA300C0D8B1 /* SYVRVC.m in Sources */ = {isa = PBXBuildFile; fileRef = 9D41E89E1E669DA300C0D8B1 /* SYVRVC.m */; };
		9D41E8A71E669F4000C0D8B1 /* Foundation+Log.m in Sources */ = {isa = PBXBuildFile; fileRef = 9D41E8A31E669F4000C0D8B1 /* Foundation+Log.m */; };
		9D41E8A81E669F4000C0D8B1 /* Reachability.m in Sources */ = {isa = PBXBuildFile; fileRef = 9D41E8A51E669F4000C0D8B1 /* Reachability.m */; };
		9D41E8AB1E669F6500C0D8B1 /* HSManager.m in Sources */ = {isa = PBXBuildFile; fileRef = 9D41E8AA1E669F6500C0D8B1 /* HSManager.m */; };
		9D41E8BE1E669F8800C0D8B1 /* NSString+HSString.m in Sources */ = {isa = PBXBuildFile; fileRef = 9D41E8AD1E669F8800C0D8B1 /* NSString+HSString.m */; };
		9D41E8BF1E669F8800C0D8B1 /* UIBarButtonItem+HSExtension.m in Sources */ = {isa = PBXBuildFile; fileRef = 9D41E8AF1E669F8800C0D8B1 /* UIBarButtonItem+HSExtension.m */; };
		9D41E8C01E669F8800C0D8B1 /* UIButton+HSButton.m in Sources */ = {isa = PBXBuildFile; fileRef = 9D41E8B11E669F8800C0D8B1 /* UIButton+HSButton.m */; };
		9D41E8C11E669F8800C0D8B1 /* UIImage+Image.m in Sources */ = {isa = PBXBuildFile; fileRef = 9D41E8B31E669F8800C0D8B1 /* UIImage+Image.m */; };
		9D41E8C21E669F8800C0D8B1 /* UIImageView+HSRound.m in Sources */ = {isa = PBXBuildFile; fileRef = 9D41E8B51E669F8800C0D8B1 /* UIImageView+HSRound.m */; };
		9D41E8C31E669F8800C0D8B1 /* UILabel+HSLabel.m in Sources */ = {isa = PBXBuildFile; fileRef = 9D41E8B71E669F8800C0D8B1 /* UILabel+HSLabel.m */; };
		9D41E8C41E669F8800C0D8B1 /* UINavigationBar+HSNavigationBar.m in Sources */ = {isa = PBXBuildFile; fileRef = 9D41E8B91E669F8800C0D8B1 /* UINavigationBar+HSNavigationBar.m */; };
		9D41E8C51E669F8800C0D8B1 /* UITextField+HSTextField.m in Sources */ = {isa = PBXBuildFile; fileRef = 9D41E8BB1E669F8800C0D8B1 /* UITextField+HSTextField.m */; };
		9D41E8C61E669F8800C0D8B1 /* UIView+ZKBView.m in Sources */ = {isa = PBXBuildFile; fileRef = 9D41E8BD1E669F8800C0D8B1 /* UIView+ZKBView.m */; };
		9D41E8C91E669FB400C0D8B1 /* HS_Http.m in Sources */ = {isa = PBXBuildFile; fileRef = 9D41E8C81E669FB400C0D8B1 /* HS_Http.m */; };
		9D41E8CC1E669FFA00C0D8B1 /* SYRefreshGifHeader.m in Sources */ = {isa = PBXBuildFile; fileRef = 9D41E8CB1E669FFA00C0D8B1 /* SYRefreshGifHeader.m */; };
		9D41E8CF1E66A02100C0D8B1 /* SYRefreshFooter.m in Sources */ = {isa = PBXBuildFile; fileRef = 9D41E8CE1E66A02100C0D8B1 /* SYRefreshFooter.m */; };
		9D41E8D31E66A81100C0D8B1 /* SYUserSingleton.m in Sources */ = {isa = PBXBuildFile; fileRef = 9D41E8D21E66A81100C0D8B1 /* SYUserSingleton.m */; };
		9D41E8D61E66A84A00C0D8B1 /* SYAppSingleton.m in Sources */ = {isa = PBXBuildFile; fileRef = 9D41E8D51E66A84A00C0D8B1 /* SYAppSingleton.m */; };
		9D41E8D91E66B80600C0D8B1 /* SYSearchVC.m in Sources */ = {isa = PBXBuildFile; fileRef = 9D41E8D81E66B80600C0D8B1 /* SYSearchVC.m */; };
		9D41E8DC1E66BD1E00C0D8B1 /* SYNewsTitleBtn.m in Sources */ = {isa = PBXBuildFile; fileRef = 9D41E8DB1E66BD1E00C0D8B1 /* SYNewsTitleBtn.m */; };
		9D671ABE1E67C1EE009FB2E1 /* SYNewsType1Cell.m in Sources */ = {isa = PBXBuildFile; fileRef = 9D671ABC1E67C1EE009FB2E1 /* SYNewsType1Cell.m */; };
		9D671ABF1E67C1EE009FB2E1 /* SYNewsType1Cell.xib in Resources */ = {isa = PBXBuildFile; fileRef = 9D671ABD1E67C1EE009FB2E1 /* SYNewsType1Cell.xib */; };
		9D671AC31E67E8E6009FB2E1 /* SYNewsType2Cell.m in Sources */ = {isa = PBXBuildFile; fileRef = 9D671AC11E67E8E6009FB2E1 /* SYNewsType2Cell.m */; };
		9D671AC41E67E8E6009FB2E1 /* SYNewsType2Cell.xib in Resources */ = {isa = PBXBuildFile; fileRef = 9D671AC21E67E8E6009FB2E1 /* SYNewsType2Cell.xib */; };
		9D671AC81E67E8F2009FB2E1 /* SYNewsType3Cell.m in Sources */ = {isa = PBXBuildFile; fileRef = 9D671AC61E67E8F2009FB2E1 /* SYNewsType3Cell.m */; };
		9D671AC91E67E8F2009FB2E1 /* SYNewsType3Cell.xib in Resources */ = {isa = PBXBuildFile; fileRef = 9D671AC71E67E8F2009FB2E1 /* SYNewsType3Cell.xib */; };
		9D671ACD1E67E8FC009FB2E1 /* SYNewsType4Cell.m in Sources */ = {isa = PBXBuildFile; fileRef = 9D671ACB1E67E8FC009FB2E1 /* SYNewsType4Cell.m */; };
		9D671ACE1E67E8FC009FB2E1 /* SYNewsType4Cell.xib in Resources */ = {isa = PBXBuildFile; fileRef = 9D671ACC1E67E8FC009FB2E1 /* SYNewsType4Cell.xib */; };
		9D671AD21E67F09A009FB2E1 /* NSCalendar+XMGExtension.m in Sources */ = {isa = PBXBuildFile; fileRef = 9D671AD11E67F09A009FB2E1 /* NSCalendar+XMGExtension.m */; };
		9D671AD71E67F0FA009FB2E1 /* NSString+XMGExtension.m in Sources */ = {isa = PBXBuildFile; fileRef = 9D671AD41E67F0FA009FB2E1 /* NSString+XMGExtension.m */; };
		9D671AD81E67F0FA009FB2E1 /* NSDate+XMGExtension.m in Sources */ = {isa = PBXBuildFile; fileRef = 9D671AD61E67F0FA009FB2E1 /* NSDate+XMGExtension.m */; };
		9D671ADC1E67FF64009FB2E1 /* SYNewsDetailWebVC.m in Sources */ = {isa = PBXBuildFile; fileRef = 9D671ADA1E67FF64009FB2E1 /* SYNewsDetailWebVC.m */; };
		9D671AE11E680C8C009FB2E1 /* SYNewsType5Cell.m in Sources */ = {isa = PBXBuildFile; fileRef = 9D671ADF1E680C8C009FB2E1 /* SYNewsType5Cell.m */; };
		9D671AE21E680C8C009FB2E1 /* SYNewsType5Cell.xib in Resources */ = {isa = PBXBuildFile; fileRef = 9D671AE01E680C8C009FB2E1 /* SYNewsType5Cell.xib */; };
		C3312F67222ED4DD06B823AB /* libPods-cqcb.a in Frameworks */ = {isa = PBXBuildFile; fileRef = 7D9540326791C182174AE6CE /* libPods-cqcb.a */; };
/* End PBXBuildFile section */

/* Begin PBXFileReference section */
		7D9540326791C182174AE6CE /* libPods-cqcb.a */ = {isa = PBXFileReference; explicitFileType = archive.ar; includeInIndex = 0; path = "libPods-cqcb.a"; sourceTree = BUILT_PRODUCTS_DIR; };
		879B4D491E670232005950FC /* SYNewsTypeModel.h */ = {isa = PBXFileReference; fileEncoding = 4; lastKnownFileType = sourcecode.c.h; path = SYNewsTypeModel.h; sourceTree = "<group>"; };
		879B4D4A1E670232005950FC /* SYNewsTypeModel.m */ = {isa = PBXFileReference; fileEncoding = 4; lastKnownFileType = sourcecode.c.objc; path = SYNewsTypeModel.m; sourceTree = "<group>"; };
		879B4D4C1E671CF2005950FC /* SYNewsBasicVC.h */ = {isa = PBXFileReference; fileEncoding = 4; lastKnownFileType = sourcecode.c.h; path = SYNewsBasicVC.h; sourceTree = "<group>"; };
		879B4D4D1E671CF2005950FC /* SYNewsBasicVC.m */ = {isa = PBXFileReference; fileEncoding = 4; lastKnownFileType = sourcecode.c.objc; path = SYNewsBasicVC.m; sourceTree = "<group>"; };
		879B4D4F1E672058005950FC /* SYNewsAdModel.h */ = {isa = PBXFileReference; fileEncoding = 4; lastKnownFileType = sourcecode.c.h; path = SYNewsAdModel.h; sourceTree = "<group>"; };
		879B4D501E672058005950FC /* SYNewsAdModel.m */ = {isa = PBXFileReference; fileEncoding = 4; lastKnownFileType = sourcecode.c.objc; path = SYNewsAdModel.m; sourceTree = "<group>"; };
		879B4D521E67212A005950FC /* SYNewsSingleModel.h */ = {isa = PBXFileReference; fileEncoding = 4; lastKnownFileType = sourcecode.c.h; path = SYNewsSingleModel.h; sourceTree = "<group>"; };
		879B4D531E67212A005950FC /* SYNewsSingleModel.m */ = {isa = PBXFileReference; fileEncoding = 4; lastKnownFileType = sourcecode.c.objc; path = SYNewsSingleModel.m; sourceTree = "<group>"; };
		87D979001E68710300FAC889 /* SYVRSingleModel.h */ = {isa = PBXFileReference; fileEncoding = 4; lastKnownFileType = sourcecode.c.h; path = SYVRSingleModel.h; sourceTree = "<group>"; };
		87D979011E68710300FAC889 /* SYVRSingleModel.m */ = {isa = PBXFileReference; fileEncoding = 4; lastKnownFileType = sourcecode.c.objc; path = SYVRSingleModel.m; sourceTree = "<group>"; };
		9D0AB6C11E68FE7700F1E597 /* SYVRCell.h */ = {isa = PBXFileReference; fileEncoding = 4; lastKnownFileType = sourcecode.c.h; path = SYVRCell.h; sourceTree = "<group>"; };
		9D0AB6C21E68FE7700F1E597 /* SYVRCell.m */ = {isa = PBXFileReference; fileEncoding = 4; lastKnownFileType = sourcecode.c.objc; path = SYVRCell.m; sourceTree = "<group>"; };
		9D0AB6C31E68FE7700F1E597 /* SYVRCell.xib */ = {isa = PBXFileReference; fileEncoding = 4; lastKnownFileType = file.xib; path = SYVRCell.xib; sourceTree = "<group>"; };
		9D0AB6C61E69131F00F1E597 /* SYDialogueSingleModel.h */ = {isa = PBXFileReference; fileEncoding = 4; lastKnownFileType = sourcecode.c.h; path = SYDialogueSingleModel.h; sourceTree = "<group>"; };
		9D0AB6C71E69131F00F1E597 /* SYDialogueSingleModel.m */ = {isa = PBXFileReference; fileEncoding = 4; lastKnownFileType = sourcecode.c.objc; path = SYDialogueSingleModel.m; sourceTree = "<group>"; };
		9D0AB6C91E69132F00F1E597 /* SYDialogueCell.h */ = {isa = PBXFileReference; fileEncoding = 4; lastKnownFileType = sourcecode.c.h; path = SYDialogueCell.h; sourceTree = "<group>"; };
		9D0AB6CA1E69132F00F1E597 /* SYDialogueCell.m */ = {isa = PBXFileReference; fileEncoding = 4; lastKnownFileType = sourcecode.c.objc; path = SYDialogueCell.m; sourceTree = "<group>"; };
		9D0AB6CB1E69132F00F1E597 /* SYDialogueCell.xib */ = {isa = PBXFileReference; fileEncoding = 4; lastKnownFileType = file.xib; path = SYDialogueCell.xib; sourceTree = "<group>"; };
		9D0AB6D11E691EB600F1E597 /* SYActivitiesCell.h */ = {isa = PBXFileReference; fileEncoding = 4; lastKnownFileType = sourcecode.c.h; path = SYActivitiesCell.h; sourceTree = "<group>"; };
		9D0AB6D21E691EB600F1E597 /* SYActivitiesCell.m */ = {isa = PBXFileReference; fileEncoding = 4; lastKnownFileType = sourcecode.c.objc; path = SYActivitiesCell.m; sourceTree = "<group>"; };
		9D0AB6D31E691EB600F1E597 /* SYActivitiesCell.xib */ = {isa = PBXFileReference; fileEncoding = 4; lastKnownFileType = file.xib; path = SYActivitiesCell.xib; sourceTree = "<group>"; };
		9D0AB6D61E691EC900F1E597 /* SYActivitiesSingleModel.h */ = {isa = PBXFileReference; fileEncoding = 4; lastKnownFileType = sourcecode.c.h; path = SYActivitiesSingleModel.h; sourceTree = "<group>"; };
		9D0AB6D71E691EC900F1E597 /* SYActivitiesSingleModel.m */ = {isa = PBXFileReference; fileEncoding = 4; lastKnownFileType = sourcecode.c.objc; path = SYActivitiesSingleModel.m; sourceTree = "<group>"; };
		9D41E8391E66656000C0D8B1 /* cqcb.app */ = {isa = PBXFileReference; explicitFileType = wrapper.application; includeInIndex = 0; path = cqcb.app; sourceTree = BUILT_PRODUCTS_DIR; };
		9D41E83D1E66656000C0D8B1 /* main.m */ = {isa = PBXFileReference; lastKnownFileType = sourcecode.c.objc; path = main.m; sourceTree = "<group>"; };
		9D41E83F1E66656000C0D8B1 /* AppDelegate.h */ = {isa = PBXFileReference; lastKnownFileType = sourcecode.c.h; path = AppDelegate.h; sourceTree = "<group>"; };
		9D41E8401E66656000C0D8B1 /* AppDelegate.m */ = {isa = PBXFileReference; lastKnownFileType = sourcecode.c.objc; path = AppDelegate.m; sourceTree = "<group>"; };
		9D41E8481E66656100C0D8B1 /* Assets.xcassets */ = {isa = PBXFileReference; lastKnownFileType = folder.assetcatalog; path = Assets.xcassets; sourceTree = "<group>"; };
		9D41E84B1E66656100C0D8B1 /* Base */ = {isa = PBXFileReference; lastKnownFileType = file.storyboard; name = Base; path = Base.lproj/LaunchScreen.storyboard; sourceTree = "<group>"; };
		9D41E84D1E66656100C0D8B1 /* Info.plist */ = {isa = PBXFileReference; lastKnownFileType = text.plist.xml; path = Info.plist; sourceTree = "<group>"; };
		9D41E8601E666B0F00C0D8B1 /* SYNavigationController.h */ = {isa = PBXFileReference; fileEncoding = 4; lastKnownFileType = sourcecode.c.h; path = SYNavigationController.h; sourceTree = "<group>"; };
		9D41E8611E666B0F00C0D8B1 /* SYNavigationController.m */ = {isa = PBXFileReference; fileEncoding = 4; lastKnownFileType = sourcecode.c.objc; path = SYNavigationController.m; sourceTree = "<group>"; };
		9D41E8631E666B3F00C0D8B1 /* SYTabBarController.h */ = {isa = PBXFileReference; fileEncoding = 4; lastKnownFileType = sourcecode.c.h; path = SYTabBarController.h; sourceTree = "<group>"; };
		9D41E8641E666B3F00C0D8B1 /* SYTabBarController.m */ = {isa = PBXFileReference; fileEncoding = 4; lastKnownFileType = sourcecode.c.objc; path = SYTabBarController.m; sourceTree = "<group>"; };
		9D41E8761E666D1A00C0D8B1 /* JZNavigationExtension.h */ = {isa = PBXFileReference; fileEncoding = 4; lastKnownFileType = sourcecode.c.h; path = JZNavigationExtension.h; sourceTree = "<group>"; };
		9D41E8781E666D1A00C0D8B1 /* _JZ-objc-internal.h */ = {isa = PBXFileReference; fileEncoding = 4; lastKnownFileType = sourcecode.c.h; path = "_JZ-objc-internal.h"; sourceTree = "<group>"; };
		9D41E8791E666D1A00C0D8B1 /* _JZNavigationInteractiveTransition.h */ = {isa = PBXFileReference; fileEncoding = 4; lastKnownFileType = sourcecode.c.h; path = _JZNavigationInteractiveTransition.h; sourceTree = "<group>"; };
		9D41E87A1E666D1A00C0D8B1 /* _JZNavigationInteractiveTransition.m */ = {isa = PBXFileReference; fileEncoding = 4; lastKnownFileType = sourcecode.c.objc; path = _JZNavigationInteractiveTransition.m; sourceTree = "<group>"; };
		9D41E87B1E666D1A00C0D8B1 /* _JZValue.h */ = {isa = PBXFileReference; fileEncoding = 4; lastKnownFileType = sourcecode.c.h; path = _JZValue.h; sourceTree = "<group>"; };
		9D41E87C1E666D1A00C0D8B1 /* _JZValue.m */ = {isa = PBXFileReference; fileEncoding = 4; lastKnownFileType = sourcecode.c.objc; path = _JZValue.m; sourceTree = "<group>"; };
		9D41E87D1E666D1A00C0D8B1 /* NSNumber+JZExtension.h */ = {isa = PBXFileReference; fileEncoding = 4; lastKnownFileType = sourcecode.c.h; path = "NSNumber+JZExtension.h"; sourceTree = "<group>"; };
		9D41E87E1E666D1A00C0D8B1 /* NSNumber+JZExtension.m */ = {isa = PBXFileReference; fileEncoding = 4; lastKnownFileType = sourcecode.c.objc; path = "NSNumber+JZExtension.m"; sourceTree = "<group>"; };
		9D41E87F1E666D1A00C0D8B1 /* UINavigationBar+JZExtension.h */ = {isa = PBXFileReference; fileEncoding = 4; lastKnownFileType = sourcecode.c.h; path = "UINavigationBar+JZExtension.h"; sourceTree = "<group>"; };
		9D41E8801E666D1A00C0D8B1 /* UINavigationBar+JZExtension.m */ = {isa = PBXFileReference; fileEncoding = 4; lastKnownFileType = sourcecode.c.objc; path = "UINavigationBar+JZExtension.m"; sourceTree = "<group>"; };
		9D41E8811E666D1A00C0D8B1 /* UIToolbar+JZExtension.h */ = {isa = PBXFileReference; fileEncoding = 4; lastKnownFileType = sourcecode.c.h; path = "UIToolbar+JZExtension.h"; sourceTree = "<group>"; };
		9D41E8821E666D1A00C0D8B1 /* UIToolbar+JZExtension.m */ = {isa = PBXFileReference; fileEncoding = 4; lastKnownFileType = sourcecode.c.objc; path = "UIToolbar+JZExtension.m"; sourceTree = "<group>"; };
		9D41E8831E666D1A00C0D8B1 /* UINavigationController+JZExtension.h */ = {isa = PBXFileReference; fileEncoding = 4; lastKnownFileType = sourcecode.c.h; path = "UINavigationController+JZExtension.h"; sourceTree = "<group>"; };
		9D41E8841E666D1A00C0D8B1 /* UINavigationController+JZExtension.m */ = {isa = PBXFileReference; fileEncoding = 4; lastKnownFileType = sourcecode.c.objc; path = "UINavigationController+JZExtension.m"; sourceTree = "<group>"; };
		9D41E8851E666D1A00C0D8B1 /* UIViewController+JZExtension.h */ = {isa = PBXFileReference; fileEncoding = 4; lastKnownFileType = sourcecode.c.h; path = "UIViewController+JZExtension.h"; sourceTree = "<group>"; };
		9D41E8861E666D1A00C0D8B1 /* UIViewController+JZExtension.m */ = {isa = PBXFileReference; fileEncoding = 4; lastKnownFileType = sourcecode.c.objc; path = "UIViewController+JZExtension.m"; sourceTree = "<group>"; };
		9D41E88E1E666D4400C0D8B1 /* SYNewsVC.h */ = {isa = PBXFileReference; fileEncoding = 4; lastKnownFileType = sourcecode.c.h; path = SYNewsVC.h; sourceTree = "<group>"; };
		9D41E88F1E666D4400C0D8B1 /* SYNewsVC.m */ = {isa = PBXFileReference; fileEncoding = 4; lastKnownFileType = sourcecode.c.objc; path = SYNewsVC.m; sourceTree = "<group>"; };
		9D41E8941E669D0B00C0D8B1 /* SYDialogueVC.h */ = {isa = PBXFileReference; fileEncoding = 4; lastKnownFileType = sourcecode.c.h; path = SYDialogueVC.h; sourceTree = "<group>"; };
		9D41E8951E669D0B00C0D8B1 /* SYDialogueVC.m */ = {isa = PBXFileReference; fileEncoding = 4; lastKnownFileType = sourcecode.c.objc; path = SYDialogueVC.m; sourceTree = "<group>"; };
		9D41E8971E669D2A00C0D8B1 /* SYActivitiesVC.h */ = {isa = PBXFileReference; fileEncoding = 4; lastKnownFileType = sourcecode.c.h; path = SYActivitiesVC.h; sourceTree = "<group>"; };
		9D41E8981E669D2A00C0D8B1 /* SYActivitiesVC.m */ = {isa = PBXFileReference; fileEncoding = 4; lastKnownFileType = sourcecode.c.objc; path = SYActivitiesVC.m; sourceTree = "<group>"; };
		9D41E89A1E669D3D00C0D8B1 /* SYMeVC.h */ = {isa = PBXFileReference; fileEncoding = 4; lastKnownFileType = sourcecode.c.h; path = SYMeVC.h; sourceTree = "<group>"; };
		9D41E89B1E669D3D00C0D8B1 /* SYMeVC.m */ = {isa = PBXFileReference; fileEncoding = 4; lastKnownFileType = sourcecode.c.objc; path = SYMeVC.m; sourceTree = "<group>"; };
		9D41E89D1E669DA300C0D8B1 /* SYVRVC.h */ = {isa = PBXFileReference; fileEncoding = 4; lastKnownFileType = sourcecode.c.h; path = SYVRVC.h; sourceTree = "<group>"; };
		9D41E89E1E669DA300C0D8B1 /* SYVRVC.m */ = {isa = PBXFileReference; fileEncoding = 4; lastKnownFileType = sourcecode.c.objc; path = SYVRVC.m; sourceTree = "<group>"; };
		9D41E8A01E669DF200C0D8B1 /* PrefixHeader.pch */ = {isa = PBXFileReference; lastKnownFileType = sourcecode.c.h; path = PrefixHeader.pch; sourceTree = "<group>"; };
		9D41E8A31E669F4000C0D8B1 /* Foundation+Log.m */ = {isa = PBXFileReference; fileEncoding = 4; lastKnownFileType = sourcecode.c.objc; path = "Foundation+Log.m"; sourceTree = "<group>"; };
		9D41E8A41E669F4000C0D8B1 /* Reachability.h */ = {isa = PBXFileReference; fileEncoding = 4; lastKnownFileType = sourcecode.c.h; path = Reachability.h; sourceTree = "<group>"; };
		9D41E8A51E669F4000C0D8B1 /* Reachability.m */ = {isa = PBXFileReference; fileEncoding = 4; lastKnownFileType = sourcecode.c.objc; path = Reachability.m; sourceTree = "<group>"; };
		9D41E8A61E669F4000C0D8B1 /* Singleton.h */ = {isa = PBXFileReference; fileEncoding = 4; lastKnownFileType = sourcecode.c.h; path = Singleton.h; sourceTree = "<group>"; };
		9D41E8A91E669F6500C0D8B1 /* HSManager.h */ = {isa = PBXFileReference; fileEncoding = 4; lastKnownFileType = sourcecode.c.h; path = HSManager.h; sourceTree = "<group>"; };
		9D41E8AA1E669F6500C0D8B1 /* HSManager.m */ = {isa = PBXFileReference; fileEncoding = 4; lastKnownFileType = sourcecode.c.objc; path = HSManager.m; sourceTree = "<group>"; };
		9D41E8AC1E669F8800C0D8B1 /* NSString+HSString.h */ = {isa = PBXFileReference; fileEncoding = 4; lastKnownFileType = sourcecode.c.h; path = "NSString+HSString.h"; sourceTree = "<group>"; };
		9D41E8AD1E669F8800C0D8B1 /* NSString+HSString.m */ = {isa = PBXFileReference; fileEncoding = 4; lastKnownFileType = sourcecode.c.objc; path = "NSString+HSString.m"; sourceTree = "<group>"; };
		9D41E8AE1E669F8800C0D8B1 /* UIBarButtonItem+HSExtension.h */ = {isa = PBXFileReference; fileEncoding = 4; lastKnownFileType = sourcecode.c.h; path = "UIBarButtonItem+HSExtension.h"; sourceTree = "<group>"; };
		9D41E8AF1E669F8800C0D8B1 /* UIBarButtonItem+HSExtension.m */ = {isa = PBXFileReference; fileEncoding = 4; lastKnownFileType = sourcecode.c.objc; path = "UIBarButtonItem+HSExtension.m"; sourceTree = "<group>"; };
		9D41E8B01E669F8800C0D8B1 /* UIButton+HSButton.h */ = {isa = PBXFileReference; fileEncoding = 4; lastKnownFileType = sourcecode.c.h; path = "UIButton+HSButton.h"; sourceTree = "<group>"; };
		9D41E8B11E669F8800C0D8B1 /* UIButton+HSButton.m */ = {isa = PBXFileReference; fileEncoding = 4; lastKnownFileType = sourcecode.c.objc; path = "UIButton+HSButton.m"; sourceTree = "<group>"; };
		9D41E8B21E669F8800C0D8B1 /* UIImage+Image.h */ = {isa = PBXFileReference; fileEncoding = 4; lastKnownFileType = sourcecode.c.h; path = "UIImage+Image.h"; sourceTree = "<group>"; };
		9D41E8B31E669F8800C0D8B1 /* UIImage+Image.m */ = {isa = PBXFileReference; fileEncoding = 4; lastKnownFileType = sourcecode.c.objc; path = "UIImage+Image.m"; sourceTree = "<group>"; };
		9D41E8B41E669F8800C0D8B1 /* UIImageView+HSRound.h */ = {isa = PBXFileReference; fileEncoding = 4; lastKnownFileType = sourcecode.c.h; path = "UIImageView+HSRound.h"; sourceTree = "<group>"; };
		9D41E8B51E669F8800C0D8B1 /* UIImageView+HSRound.m */ = {isa = PBXFileReference; fileEncoding = 4; lastKnownFileType = sourcecode.c.objc; path = "UIImageView+HSRound.m"; sourceTree = "<group>"; };
		9D41E8B61E669F8800C0D8B1 /* UILabel+HSLabel.h */ = {isa = PBXFileReference; fileEncoding = 4; lastKnownFileType = sourcecode.c.h; path = "UILabel+HSLabel.h"; sourceTree = "<group>"; };
		9D41E8B71E669F8800C0D8B1 /* UILabel+HSLabel.m */ = {isa = PBXFileReference; fileEncoding = 4; lastKnownFileType = sourcecode.c.objc; path = "UILabel+HSLabel.m"; sourceTree = "<group>"; };
		9D41E8B81E669F8800C0D8B1 /* UINavigationBar+HSNavigationBar.h */ = {isa = PBXFileReference; fileEncoding = 4; lastKnownFileType = sourcecode.c.h; path = "UINavigationBar+HSNavigationBar.h"; sourceTree = "<group>"; };
		9D41E8B91E669F8800C0D8B1 /* UINavigationBar+HSNavigationBar.m */ = {isa = PBXFileReference; fileEncoding = 4; lastKnownFileType = sourcecode.c.objc; path = "UINavigationBar+HSNavigationBar.m"; sourceTree = "<group>"; };
		9D41E8BA1E669F8800C0D8B1 /* UITextField+HSTextField.h */ = {isa = PBXFileReference; fileEncoding = 4; lastKnownFileType = sourcecode.c.h; path = "UITextField+HSTextField.h"; sourceTree = "<group>"; };
		9D41E8BB1E669F8800C0D8B1 /* UITextField+HSTextField.m */ = {isa = PBXFileReference; fileEncoding = 4; lastKnownFileType = sourcecode.c.objc; path = "UITextField+HSTextField.m"; sourceTree = "<group>"; };
		9D41E8BC1E669F8800C0D8B1 /* UIView+ZKBView.h */ = {isa = PBXFileReference; fileEncoding = 4; lastKnownFileType = sourcecode.c.h; path = "UIView+ZKBView.h"; sourceTree = "<group>"; };
		9D41E8BD1E669F8800C0D8B1 /* UIView+ZKBView.m */ = {isa = PBXFileReference; fileEncoding = 4; lastKnownFileType = sourcecode.c.objc; path = "UIView+ZKBView.m"; sourceTree = "<group>"; };
		9D41E8C71E669FB400C0D8B1 /* HS_Http.h */ = {isa = PBXFileReference; fileEncoding = 4; lastKnownFileType = sourcecode.c.h; path = HS_Http.h; sourceTree = "<group>"; };
		9D41E8C81E669FB400C0D8B1 /* HS_Http.m */ = {isa = PBXFileReference; fileEncoding = 4; lastKnownFileType = sourcecode.c.objc; path = HS_Http.m; sourceTree = "<group>"; };
		9D41E8CA1E669FFA00C0D8B1 /* SYRefreshGifHeader.h */ = {isa = PBXFileReference; fileEncoding = 4; lastKnownFileType = sourcecode.c.h; path = SYRefreshGifHeader.h; sourceTree = "<group>"; };
		9D41E8CB1E669FFA00C0D8B1 /* SYRefreshGifHeader.m */ = {isa = PBXFileReference; fileEncoding = 4; lastKnownFileType = sourcecode.c.objc; path = SYRefreshGifHeader.m; sourceTree = "<group>"; };
		9D41E8CD1E66A02100C0D8B1 /* SYRefreshFooter.h */ = {isa = PBXFileReference; fileEncoding = 4; lastKnownFileType = sourcecode.c.h; path = SYRefreshFooter.h; sourceTree = "<group>"; };
		9D41E8CE1E66A02100C0D8B1 /* SYRefreshFooter.m */ = {isa = PBXFileReference; fileEncoding = 4; lastKnownFileType = sourcecode.c.objc; path = SYRefreshFooter.m; sourceTree = "<group>"; };
		9D41E8D01E66A1D500C0D8B1 /* Api_Header.h */ = {isa = PBXFileReference; lastKnownFileType = sourcecode.c.h; path = Api_Header.h; sourceTree = "<group>"; };
		9D41E8D11E66A81100C0D8B1 /* SYUserSingleton.h */ = {isa = PBXFileReference; fileEncoding = 4; lastKnownFileType = sourcecode.c.h; path = SYUserSingleton.h; sourceTree = "<group>"; };
		9D41E8D21E66A81100C0D8B1 /* SYUserSingleton.m */ = {isa = PBXFileReference; fileEncoding = 4; lastKnownFileType = sourcecode.c.objc; path = SYUserSingleton.m; sourceTree = "<group>"; };
		9D41E8D41E66A84A00C0D8B1 /* SYAppSingleton.h */ = {isa = PBXFileReference; fileEncoding = 4; lastKnownFileType = sourcecode.c.h; path = SYAppSingleton.h; sourceTree = "<group>"; };
		9D41E8D51E66A84A00C0D8B1 /* SYAppSingleton.m */ = {isa = PBXFileReference; fileEncoding = 4; lastKnownFileType = sourcecode.c.objc; path = SYAppSingleton.m; sourceTree = "<group>"; };
		9D41E8D71E66B80600C0D8B1 /* SYSearchVC.h */ = {isa = PBXFileReference; fileEncoding = 4; lastKnownFileType = sourcecode.c.h; path = SYSearchVC.h; sourceTree = "<group>"; };
		9D41E8D81E66B80600C0D8B1 /* SYSearchVC.m */ = {isa = PBXFileReference; fileEncoding = 4; lastKnownFileType = sourcecode.c.objc; path = SYSearchVC.m; sourceTree = "<group>"; };
		9D41E8DA1E66BD1E00C0D8B1 /* SYNewsTitleBtn.h */ = {isa = PBXFileReference; fileEncoding = 4; lastKnownFileType = sourcecode.c.h; path = SYNewsTitleBtn.h; sourceTree = "<group>"; };
		9D41E8DB1E66BD1E00C0D8B1 /* SYNewsTitleBtn.m */ = {isa = PBXFileReference; fileEncoding = 4; lastKnownFileType = sourcecode.c.objc; path = SYNewsTitleBtn.m; sourceTree = "<group>"; };
		9D671ABB1E67C1EE009FB2E1 /* SYNewsType1Cell.h */ = {isa = PBXFileReference; fileEncoding = 4; lastKnownFileType = sourcecode.c.h; path = SYNewsType1Cell.h; sourceTree = "<group>"; };
		9D671ABC1E67C1EE009FB2E1 /* SYNewsType1Cell.m */ = {isa = PBXFileReference; fileEncoding = 4; lastKnownFileType = sourcecode.c.objc; path = SYNewsType1Cell.m; sourceTree = "<group>"; };
		9D671ABD1E67C1EE009FB2E1 /* SYNewsType1Cell.xib */ = {isa = PBXFileReference; fileEncoding = 4; lastKnownFileType = file.xib; path = SYNewsType1Cell.xib; sourceTree = "<group>"; };
		9D671AC01E67E8E6009FB2E1 /* SYNewsType2Cell.h */ = {isa = PBXFileReference; fileEncoding = 4; lastKnownFileType = sourcecode.c.h; path = SYNewsType2Cell.h; sourceTree = "<group>"; };
		9D671AC11E67E8E6009FB2E1 /* SYNewsType2Cell.m */ = {isa = PBXFileReference; fileEncoding = 4; lastKnownFileType = sourcecode.c.objc; path = SYNewsType2Cell.m; sourceTree = "<group>"; };
		9D671AC21E67E8E6009FB2E1 /* SYNewsType2Cell.xib */ = {isa = PBXFileReference; fileEncoding = 4; lastKnownFileType = file.xib; path = SYNewsType2Cell.xib; sourceTree = "<group>"; };
		9D671AC51E67E8F2009FB2E1 /* SYNewsType3Cell.h */ = {isa = PBXFileReference; fileEncoding = 4; lastKnownFileType = sourcecode.c.h; path = SYNewsType3Cell.h; sourceTree = "<group>"; };
		9D671AC61E67E8F2009FB2E1 /* SYNewsType3Cell.m */ = {isa = PBXFileReference; fileEncoding = 4; lastKnownFileType = sourcecode.c.objc; path = SYNewsType3Cell.m; sourceTree = "<group>"; };
		9D671AC71E67E8F2009FB2E1 /* SYNewsType3Cell.xib */ = {isa = PBXFileReference; fileEncoding = 4; lastKnownFileType = file.xib; path = SYNewsType3Cell.xib; sourceTree = "<group>"; };
		9D671ACA1E67E8FC009FB2E1 /* SYNewsType4Cell.h */ = {isa = PBXFileReference; fileEncoding = 4; lastKnownFileType = sourcecode.c.h; path = SYNewsType4Cell.h; sourceTree = "<group>"; };
		9D671ACB1E67E8FC009FB2E1 /* SYNewsType4Cell.m */ = {isa = PBXFileReference; fileEncoding = 4; lastKnownFileType = sourcecode.c.objc; path = SYNewsType4Cell.m; sourceTree = "<group>"; };
		9D671ACC1E67E8FC009FB2E1 /* SYNewsType4Cell.xib */ = {isa = PBXFileReference; fileEncoding = 4; lastKnownFileType = file.xib; path = SYNewsType4Cell.xib; sourceTree = "<group>"; };
		9D671AD01E67F09A009FB2E1 /* NSCalendar+XMGExtension.h */ = {isa = PBXFileReference; fileEncoding = 4; lastKnownFileType = sourcecode.c.h; path = "NSCalendar+XMGExtension.h"; sourceTree = "<group>"; };
		9D671AD11E67F09A009FB2E1 /* NSCalendar+XMGExtension.m */ = {isa = PBXFileReference; fileEncoding = 4; lastKnownFileType = sourcecode.c.objc; path = "NSCalendar+XMGExtension.m"; sourceTree = "<group>"; };
		9D671AD31E67F0FA009FB2E1 /* NSString+XMGExtension.h */ = {isa = PBXFileReference; fileEncoding = 4; lastKnownFileType = sourcecode.c.h; path = "NSString+XMGExtension.h"; sourceTree = "<group>"; };
		9D671AD41E67F0FA009FB2E1 /* NSString+XMGExtension.m */ = {isa = PBXFileReference; fileEncoding = 4; lastKnownFileType = sourcecode.c.objc; path = "NSString+XMGExtension.m"; sourceTree = "<group>"; };
		9D671AD51E67F0FA009FB2E1 /* NSDate+XMGExtension.h */ = {isa = PBXFileReference; fileEncoding = 4; lastKnownFileType = sourcecode.c.h; path = "NSDate+XMGExtension.h"; sourceTree = "<group>"; };
		9D671AD61E67F0FA009FB2E1 /* NSDate+XMGExtension.m */ = {isa = PBXFileReference; fileEncoding = 4; lastKnownFileType = sourcecode.c.objc; path = "NSDate+XMGExtension.m"; sourceTree = "<group>"; };
		9D671AD91E67FF64009FB2E1 /* SYNewsDetailWebVC.h */ = {isa = PBXFileReference; fileEncoding = 4; lastKnownFileType = sourcecode.c.h; path = SYNewsDetailWebVC.h; sourceTree = "<group>"; };
		9D671ADA1E67FF64009FB2E1 /* SYNewsDetailWebVC.m */ = {isa = PBXFileReference; fileEncoding = 4; lastKnownFileType = sourcecode.c.objc; path = SYNewsDetailWebVC.m; sourceTree = "<group>"; };
		9D671ADE1E680C8C009FB2E1 /* SYNewsType5Cell.h */ = {isa = PBXFileReference; fileEncoding = 4; lastKnownFileType = sourcecode.c.h; path = SYNewsType5Cell.h; sourceTree = "<group>"; };
		9D671ADF1E680C8C009FB2E1 /* SYNewsType5Cell.m */ = {isa = PBXFileReference; fileEncoding = 4; lastKnownFileType = sourcecode.c.objc; path = SYNewsType5Cell.m; sourceTree = "<group>"; };
		9D671AE01E680C8C009FB2E1 /* SYNewsType5Cell.xib */ = {isa = PBXFileReference; fileEncoding = 4; lastKnownFileType = file.xib; path = SYNewsType5Cell.xib; sourceTree = "<group>"; };
		A7ADAEB3866EC9205FFEFD7B /* Pods-cqcb.release.xcconfig */ = {isa = PBXFileReference; includeInIndex = 1; lastKnownFileType = text.xcconfig; name = "Pods-cqcb.release.xcconfig"; path = "Pods/Target Support Files/Pods-cqcb/Pods-cqcb.release.xcconfig"; sourceTree = "<group>"; };
		D261A0EF6EACB7872134CB2B /* Pods-cqcb.debug.xcconfig */ = {isa = PBXFileReference; includeInIndex = 1; lastKnownFileType = text.xcconfig; name = "Pods-cqcb.debug.xcconfig"; path = "Pods/Target Support Files/Pods-cqcb/Pods-cqcb.debug.xcconfig"; sourceTree = "<group>"; };
/* End PBXFileReference section */

/* Begin PBXFrameworksBuildPhase section */
		9D41E8361E66656000C0D8B1 /* Frameworks */ = {
			isa = PBXFrameworksBuildPhase;
			buildActionMask = 2147483647;
			files = (
				C3312F67222ED4DD06B823AB /* libPods-cqcb.a in Frameworks */,
			);
			runOnlyForDeploymentPostprocessing = 0;
		};
/* End PBXFrameworksBuildPhase section */

/* Begin PBXGroup section */
		8729B241004E390E88DF3DB0 /* Pods */ = {
			isa = PBXGroup;
			children = (
				D261A0EF6EACB7872134CB2B /* Pods-cqcb.debug.xcconfig */,
				A7ADAEB3866EC9205FFEFD7B /* Pods-cqcb.release.xcconfig */,
			);
			name = Pods;
			sourceTree = "<group>";
		};
		97B076EBBCB9903518561DCB /* Frameworks */ = {
			isa = PBXGroup;
			children = (
				7D9540326791C182174AE6CE /* libPods-cqcb.a */,
			);
			name = Frameworks;
			sourceTree = "<group>";
		};
		9D41E8301E66656000C0D8B1 = {
			isa = PBXGroup;
			children = (
				9D41E83B1E66656000C0D8B1 /* cqcb */,
				9D41E83A1E66656000C0D8B1 /* Products */,
				8729B241004E390E88DF3DB0 /* Pods */,
				97B076EBBCB9903518561DCB /* Frameworks */,
			);
			sourceTree = "<group>";
		};
		9D41E83A1E66656000C0D8B1 /* Products */ = {
			isa = PBXGroup;
			children = (
				9D41E8391E66656000C0D8B1 /* cqcb.app */,
			);
			name = Products;
			sourceTree = "<group>";
		};
		9D41E83B1E66656000C0D8B1 /* cqcb */ = {
			isa = PBXGroup;
			children = (
				9D41E85C1E66697800C0D8B1 /* 新闻-news */,
				9D41E85A1E66697800C0D8B1 /* 视觉-vr */,
				9D41E8541E66697800C0D8B1 /* 对话-dialogue */,
				9D41E8571E66697800C0D8B1 /* 活动-activities */,
				9D41E85B1E66697800C0D8B1 /* 我-me */,
				9D41E8561E66697800C0D8B1 /* 工具-tool */,
				9D41E8551E66697800C0D8B1 /* 分类-category */,
				9D41E8531E66697800C0D8B1 /* 单例-single */,
				9D41E8581E66697800C0D8B1 /* 其他-other */,
				9D41E8591E66697800C0D8B1 /* 三方库-lib */,
				9D41E83F1E66656000C0D8B1 /* AppDelegate.h */,
				9D41E8401E66656000C0D8B1 /* AppDelegate.m */,
				9D41E8A01E669DF200C0D8B1 /* PrefixHeader.pch */,
				9D41E8631E666B3F00C0D8B1 /* SYTabBarController.h */,
				9D41E8641E666B3F00C0D8B1 /* SYTabBarController.m */,
				9D41E8601E666B0F00C0D8B1 /* SYNavigationController.h */,
				9D41E8611E666B0F00C0D8B1 /* SYNavigationController.m */,
				9D41E8481E66656100C0D8B1 /* Assets.xcassets */,
				9D41E84A1E66656100C0D8B1 /* LaunchScreen.storyboard */,
				9D41E84D1E66656100C0D8B1 /* Info.plist */,
				9D41E83C1E66656000C0D8B1 /* Supporting Files */,
			);
			path = cqcb;
			sourceTree = "<group>";
		};
		9D41E83C1E66656000C0D8B1 /* Supporting Files */ = {
			isa = PBXGroup;
			children = (
				9D41E83D1E66656000C0D8B1 /* main.m */,
			);
			name = "Supporting Files";
			sourceTree = "<group>";
		};
		9D41E8531E66697800C0D8B1 /* 单例-single */ = {
			isa = PBXGroup;
			children = (
				9D41E8D11E66A81100C0D8B1 /* SYUserSingleton.h */,
				9D41E8D21E66A81100C0D8B1 /* SYUserSingleton.m */,
				9D41E8D41E66A84A00C0D8B1 /* SYAppSingleton.h */,
				9D41E8D51E66A84A00C0D8B1 /* SYAppSingleton.m */,
			);
			path = "单例-single";
			sourceTree = "<group>";
		};
		9D41E8541E66697800C0D8B1 /* 对话-dialogue */ = {
			isa = PBXGroup;
			children = (
				9D41E8721E666CE200C0D8B1 /* controllers */,
				9D41E8731E666CE200C0D8B1 /* models */,
				9D41E8741E666CE200C0D8B1 /* views */,
			);
			path = "对话-dialogue";
			sourceTree = "<group>";
		};
		9D41E8551E66697800C0D8B1 /* 分类-category */ = {
			isa = PBXGroup;
			children = (
				9D671AD31E67F0FA009FB2E1 /* NSString+XMGExtension.h */,
				9D671AD41E67F0FA009FB2E1 /* NSString+XMGExtension.m */,
				9D671AD51E67F0FA009FB2E1 /* NSDate+XMGExtension.h */,
				9D671AD61E67F0FA009FB2E1 /* NSDate+XMGExtension.m */,
				9D671AD01E67F09A009FB2E1 /* NSCalendar+XMGExtension.h */,
				9D671AD11E67F09A009FB2E1 /* NSCalendar+XMGExtension.m */,
				9D41E8AC1E669F8800C0D8B1 /* NSString+HSString.h */,
				9D41E8AD1E669F8800C0D8B1 /* NSString+HSString.m */,
				9D41E8AE1E669F8800C0D8B1 /* UIBarButtonItem+HSExtension.h */,
				9D41E8AF1E669F8800C0D8B1 /* UIBarButtonItem+HSExtension.m */,
				9D41E8B01E669F8800C0D8B1 /* UIButton+HSButton.h */,
				9D41E8B11E669F8800C0D8B1 /* UIButton+HSButton.m */,
				9D41E8B21E669F8800C0D8B1 /* UIImage+Image.h */,
				9D41E8B31E669F8800C0D8B1 /* UIImage+Image.m */,
				9D41E8B41E669F8800C0D8B1 /* UIImageView+HSRound.h */,
				9D41E8B51E669F8800C0D8B1 /* UIImageView+HSRound.m */,
				9D41E8B61E669F8800C0D8B1 /* UILabel+HSLabel.h */,
				9D41E8B71E669F8800C0D8B1 /* UILabel+HSLabel.m */,
				9D41E8B81E669F8800C0D8B1 /* UINavigationBar+HSNavigationBar.h */,
				9D41E8B91E669F8800C0D8B1 /* UINavigationBar+HSNavigationBar.m */,
				9D41E8BA1E669F8800C0D8B1 /* UITextField+HSTextField.h */,
				9D41E8BB1E669F8800C0D8B1 /* UITextField+HSTextField.m */,
				9D41E8BC1E669F8800C0D8B1 /* UIView+ZKBView.h */,
				9D41E8BD1E669F8800C0D8B1 /* UIView+ZKBView.m */,
			);
			path = "分类-category";
			sourceTree = "<group>";
		};
		9D41E8561E66697800C0D8B1 /* 工具-tool */ = {
			isa = PBXGroup;
			children = (
				9D41E8A91E669F6500C0D8B1 /* HSManager.h */,
				9D41E8AA1E669F6500C0D8B1 /* HSManager.m */,
				9D41E8A11E669F0100C0D8B1 /* 网络请求-Http */,
				9D41E8A21E669F0100C0D8B1 /* 自定义-MJref */,
			);
			path = "工具-tool";
			sourceTree = "<group>";
		};
		9D41E8571E66697800C0D8B1 /* 活动-activities */ = {
			isa = PBXGroup;
			children = (
				9D41E86C1E666CD300C0D8B1 /* controllers */,
				9D41E86D1E666CD300C0D8B1 /* models */,
				9D41E86E1E666CD300C0D8B1 /* views */,
			);
			path = "活动-activities";
			sourceTree = "<group>";
		};
		9D41E8581E66697800C0D8B1 /* 其他-other */ = {
			isa = PBXGroup;
			children = (
				9D41E8A31E669F4000C0D8B1 /* Foundation+Log.m */,
				9D41E8A41E669F4000C0D8B1 /* Reachability.h */,
				9D41E8A51E669F4000C0D8B1 /* Reachability.m */,
				9D41E8A61E669F4000C0D8B1 /* Singleton.h */,
			);
			path = "其他-other";
			sourceTree = "<group>";
		};
		9D41E8591E66697800C0D8B1 /* 三方库-lib */ = {
			isa = PBXGroup;
			children = (
				9D41E8751E666D1A00C0D8B1 /* JZNavigationExtension */,
			);
			path = "三方库-lib";
			sourceTree = "<group>";
		};
		9D41E85A1E66697800C0D8B1 /* 视觉-vr */ = {
			isa = PBXGroup;
			children = (
				9D41E86F1E666CDB00C0D8B1 /* controllers */,
				9D41E8701E666CDB00C0D8B1 /* models */,
				9D41E8711E666CDB00C0D8B1 /* views */,
			);
			path = "视觉-vr";
			sourceTree = "<group>";
		};
		9D41E85B1E66697800C0D8B1 /* 我-me */ = {
			isa = PBXGroup;
			children = (
				9D41E8691E666CCA00C0D8B1 /* controllers */,
				9D41E86A1E666CCA00C0D8B1 /* models */,
				9D41E86B1E666CCA00C0D8B1 /* views */,
			);
			path = "我-me";
			sourceTree = "<group>";
		};
		9D41E85C1E66697800C0D8B1 /* 新闻-news */ = {
			isa = PBXGroup;
			children = (
				9D41E8661E666CBD00C0D8B1 /* controllers */,
				9D41E8671E666CBD00C0D8B1 /* models */,
				9D41E8681E666CBD00C0D8B1 /* views */,
			);
			path = "新闻-news";
			sourceTree = "<group>";
		};
		9D41E8661E666CBD00C0D8B1 /* controllers */ = {
			isa = PBXGroup;
			children = (
				9D41E88E1E666D4400C0D8B1 /* SYNewsVC.h */,
				9D41E88F1E666D4400C0D8B1 /* SYNewsVC.m */,
				9D41E8D71E66B80600C0D8B1 /* SYSearchVC.h */,
				9D41E8D81E66B80600C0D8B1 /* SYSearchVC.m */,
				879B4D4C1E671CF2005950FC /* SYNewsBasicVC.h */,
				879B4D4D1E671CF2005950FC /* SYNewsBasicVC.m */,
				9D671AD91E67FF64009FB2E1 /* SYNewsDetailWebVC.h */,
				9D671ADA1E67FF64009FB2E1 /* SYNewsDetailWebVC.m */,
			);
			path = controllers;
			sourceTree = "<group>";
		};
		9D41E8671E666CBD00C0D8B1 /* models */ = {
			isa = PBXGroup;
			children = (
				879B4D491E670232005950FC /* SYNewsTypeModel.h */,
				879B4D4A1E670232005950FC /* SYNewsTypeModel.m */,
				879B4D4F1E672058005950FC /* SYNewsAdModel.h */,
				879B4D501E672058005950FC /* SYNewsAdModel.m */,
				879B4D521E67212A005950FC /* SYNewsSingleModel.h */,
				879B4D531E67212A005950FC /* SYNewsSingleModel.m */,
			);
			path = models;
			sourceTree = "<group>";
		};
		9D41E8681E666CBD00C0D8B1 /* views */ = {
			isa = PBXGroup;
			children = (
				9D41E8DA1E66BD1E00C0D8B1 /* SYNewsTitleBtn.h */,
				9D41E8DB1E66BD1E00C0D8B1 /* SYNewsTitleBtn.m */,
				9D671ABB1E67C1EE009FB2E1 /* SYNewsType1Cell.h */,
				9D671ABC1E67C1EE009FB2E1 /* SYNewsType1Cell.m */,
				9D671ABD1E67C1EE009FB2E1 /* SYNewsType1Cell.xib */,
				9D671AC01E67E8E6009FB2E1 /* SYNewsType2Cell.h */,
				9D671AC11E67E8E6009FB2E1 /* SYNewsType2Cell.m */,
				9D671AC21E67E8E6009FB2E1 /* SYNewsType2Cell.xib */,
				9D671AC51E67E8F2009FB2E1 /* SYNewsType3Cell.h */,
				9D671AC61E67E8F2009FB2E1 /* SYNewsType3Cell.m */,
				9D671AC71E67E8F2009FB2E1 /* SYNewsType3Cell.xib */,
				9D671ACA1E67E8FC009FB2E1 /* SYNewsType4Cell.h */,
				9D671ACB1E67E8FC009FB2E1 /* SYNewsType4Cell.m */,
				9D671ACC1E67E8FC009FB2E1 /* SYNewsType4Cell.xib */,
				9D671ADE1E680C8C009FB2E1 /* SYNewsType5Cell.h */,
				9D671ADF1E680C8C009FB2E1 /* SYNewsType5Cell.m */,
				9D671AE01E680C8C009FB2E1 /* SYNewsType5Cell.xib */,
			);
			path = views;
			sourceTree = "<group>";
		};
		9D41E8691E666CCA00C0D8B1 /* controllers */ = {
			isa = PBXGroup;
			children = (
				9D41E89A1E669D3D00C0D8B1 /* SYMeVC.h */,
				9D41E89B1E669D3D00C0D8B1 /* SYMeVC.m */,
			);
			path = controllers;
			sourceTree = "<group>";
		};
		9D41E86A1E666CCA00C0D8B1 /* models */ = {
			isa = PBXGroup;
			children = (
			);
			path = models;
			sourceTree = "<group>";
		};
		9D41E86B1E666CCA00C0D8B1 /* views */ = {
			isa = PBXGroup;
			children = (
			);
			path = views;
			sourceTree = "<group>";
		};
		9D41E86C1E666CD300C0D8B1 /* controllers */ = {
			isa = PBXGroup;
			children = (
				9D41E8971E669D2A00C0D8B1 /* SYActivitiesVC.h */,
				9D41E8981E669D2A00C0D8B1 /* SYActivitiesVC.m */,
			);
			path = controllers;
			sourceTree = "<group>";
		};
		9D41E86D1E666CD300C0D8B1 /* models */ = {
			isa = PBXGroup;
			children = (
				9D0AB6D61E691EC900F1E597 /* SYActivitiesSingleModel.h */,
				9D0AB6D71E691EC900F1E597 /* SYActivitiesSingleModel.m */,
			);
			path = models;
			sourceTree = "<group>";
		};
		9D41E86E1E666CD300C0D8B1 /* views */ = {
			isa = PBXGroup;
			children = (
				9D0AB6D11E691EB600F1E597 /* SYActivitiesCell.h */,
				9D0AB6D21E691EB600F1E597 /* SYActivitiesCell.m */,
				9D0AB6D31E691EB600F1E597 /* SYActivitiesCell.xib */,
			);
			path = views;
			sourceTree = "<group>";
		};
		9D41E86F1E666CDB00C0D8B1 /* controllers */ = {
			isa = PBXGroup;
			children = (
				9D41E89D1E669DA300C0D8B1 /* SYVRVC.h */,
				9D41E89E1E669DA300C0D8B1 /* SYVRVC.m */,
			);
			path = controllers;
			sourceTree = "<group>";
		};
		9D41E8701E666CDB00C0D8B1 /* models */ = {
			isa = PBXGroup;
			children = (
				87D979001E68710300FAC889 /* SYVRSingleModel.h */,
				87D979011E68710300FAC889 /* SYVRSingleModel.m */,
			);
			path = models;
			sourceTree = "<group>";
		};
		9D41E8711E666CDB00C0D8B1 /* views */ = {
			isa = PBXGroup;
			children = (
				9D0AB6C11E68FE7700F1E597 /* SYVRCell.h */,
				9D0AB6C21E68FE7700F1E597 /* SYVRCell.m */,
				9D0AB6C31E68FE7700F1E597 /* SYVRCell.xib */,
			);
			path = views;
			sourceTree = "<group>";
		};
		9D41E8721E666CE200C0D8B1 /* controllers */ = {
			isa = PBXGroup;
			children = (
				9D41E8941E669D0B00C0D8B1 /* SYDialogueVC.h */,
				9D41E8951E669D0B00C0D8B1 /* SYDialogueVC.m */,
			);
			path = controllers;
			sourceTree = "<group>";
		};
		9D41E8731E666CE200C0D8B1 /* models */ = {
			isa = PBXGroup;
			children = (
				9D0AB6C61E69131F00F1E597 /* SYDialogueSingleModel.h */,
				9D0AB6C71E69131F00F1E597 /* SYDialogueSingleModel.m */,
			);
			path = models;
			sourceTree = "<group>";
		};
		9D41E8741E666CE200C0D8B1 /* views */ = {
			isa = PBXGroup;
			children = (
				9D0AB6C91E69132F00F1E597 /* SYDialogueCell.h */,
				9D0AB6CA1E69132F00F1E597 /* SYDialogueCell.m */,
				9D0AB6CB1E69132F00F1E597 /* SYDialogueCell.xib */,
			);
			path = views;
			sourceTree = "<group>";
		};
		9D41E8751E666D1A00C0D8B1 /* JZNavigationExtension */ = {
			isa = PBXGroup;
			children = (
				9D41E8761E666D1A00C0D8B1 /* JZNavigationExtension.h */,
				9D41E8771E666D1A00C0D8B1 /* Private */,
				9D41E8831E666D1A00C0D8B1 /* UINavigationController+JZExtension.h */,
				9D41E8841E666D1A00C0D8B1 /* UINavigationController+JZExtension.m */,
				9D41E8851E666D1A00C0D8B1 /* UIViewController+JZExtension.h */,
				9D41E8861E666D1A00C0D8B1 /* UIViewController+JZExtension.m */,
			);
			path = JZNavigationExtension;
			sourceTree = "<group>";
		};
		9D41E8771E666D1A00C0D8B1 /* Private */ = {
			isa = PBXGroup;
			children = (
				9D41E8781E666D1A00C0D8B1 /* _JZ-objc-internal.h */,
				9D41E8791E666D1A00C0D8B1 /* _JZNavigationInteractiveTransition.h */,
				9D41E87A1E666D1A00C0D8B1 /* _JZNavigationInteractiveTransition.m */,
				9D41E87B1E666D1A00C0D8B1 /* _JZValue.h */,
				9D41E87C1E666D1A00C0D8B1 /* _JZValue.m */,
				9D41E87D1E666D1A00C0D8B1 /* NSNumber+JZExtension.h */,
				9D41E87E1E666D1A00C0D8B1 /* NSNumber+JZExtension.m */,
				9D41E87F1E666D1A00C0D8B1 /* UINavigationBar+JZExtension.h */,
				9D41E8801E666D1A00C0D8B1 /* UINavigationBar+JZExtension.m */,
				9D41E8811E666D1A00C0D8B1 /* UIToolbar+JZExtension.h */,
				9D41E8821E666D1A00C0D8B1 /* UIToolbar+JZExtension.m */,
			);
			path = Private;
			sourceTree = "<group>";
		};
		9D41E8A11E669F0100C0D8B1 /* 网络请求-Http */ = {
			isa = PBXGroup;
			children = (
				9D41E8D01E66A1D500C0D8B1 /* Api_Header.h */,
				9D41E8C71E669FB400C0D8B1 /* HS_Http.h */,
				9D41E8C81E669FB400C0D8B1 /* HS_Http.m */,
			);
			path = "网络请求-Http";
			sourceTree = "<group>";
		};
		9D41E8A21E669F0100C0D8B1 /* 自定义-MJref */ = {
			isa = PBXGroup;
			children = (
				9D41E8CA1E669FFA00C0D8B1 /* SYRefreshGifHeader.h */,
				9D41E8CB1E669FFA00C0D8B1 /* SYRefreshGifHeader.m */,
				9D41E8CD1E66A02100C0D8B1 /* SYRefreshFooter.h */,
				9D41E8CE1E66A02100C0D8B1 /* SYRefreshFooter.m */,
			);
			path = "自定义-MJref";
			sourceTree = "<group>";
		};
/* End PBXGroup section */

/* Begin PBXNativeTarget section */
		9D41E8381E66656000C0D8B1 /* cqcb */ = {
			isa = PBXNativeTarget;
			buildConfigurationList = 9D41E8501E66656100C0D8B1 /* Build configuration list for PBXNativeTarget "cqcb" */;
			buildPhases = (
				D3DD4F1EEA16E63E134F1D8A /* [CP] Check Pods Manifest.lock */,
				9D41E8351E66656000C0D8B1 /* Sources */,
				9D41E8361E66656000C0D8B1 /* Frameworks */,
				9D41E8371E66656000C0D8B1 /* Resources */,
				12D6740C972A981CE27058C9 /* [CP] Embed Pods Frameworks */,
				5CE2AE7B78324E7588E5DBFC /* [CP] Copy Pods Resources */,
			);
			buildRules = (
			);
			dependencies = (
			);
			name = cqcb;
			productName = cqcb;
			productReference = 9D41E8391E66656000C0D8B1 /* cqcb.app */;
			productType = "com.apple.product-type.application";
		};
/* End PBXNativeTarget section */

/* Begin PBXProject section */
		9D41E8311E66656000C0D8B1 /* Project object */ = {
			isa = PBXProject;
			attributes = {
				CLASSPREFIX = SY;
				LastUpgradeCheck = 0820;
				ORGANIZATIONNAME = com.houshuai;
				TargetAttributes = {
					9D41E8381E66656000C0D8B1 = {
						CreatedOnToolsVersion = 8.2.1;
						DevelopmentTeam = VMU346QXHU;
						ProvisioningStyle = Automatic;
					};
				};
			};
			buildConfigurationList = 9D41E8341E66656000C0D8B1 /* Build configuration list for PBXProject "cqcb" */;
			compatibilityVersion = "Xcode 3.2";
			developmentRegion = English;
			hasScannedForEncodings = 0;
			knownRegions = (
				en,
				Base,
			);
			mainGroup = 9D41E8301E66656000C0D8B1;
			productRefGroup = 9D41E83A1E66656000C0D8B1 /* Products */;
			projectDirPath = "";
			projectRoot = "";
			targets = (
				9D41E8381E66656000C0D8B1 /* cqcb */,
			);
		};
/* End PBXProject section */

/* Begin PBXResourcesBuildPhase section */
		9D41E8371E66656000C0D8B1 /* Resources */ = {
			isa = PBXResourcesBuildPhase;
			buildActionMask = 2147483647;
			files = (
				9D41E84C1E66656100C0D8B1 /* LaunchScreen.storyboard in Resources */,
				9D0AB6C51E68FE7700F1E597 /* SYVRCell.xib in Resources */,
				9D671AC41E67E8E6009FB2E1 /* SYNewsType2Cell.xib in Resources */,
				9D671ABF1E67C1EE009FB2E1 /* SYNewsType1Cell.xib in Resources */,
				9D41E8491E66656100C0D8B1 /* Assets.xcassets in Resources */,
				9D671AE21E680C8C009FB2E1 /* SYNewsType5Cell.xib in Resources */,
				9D671AC91E67E8F2009FB2E1 /* SYNewsType3Cell.xib in Resources */,
				9D0AB6CD1E69132F00F1E597 /* SYDialogueCell.xib in Resources */,
				9D0AB6D51E691EB600F1E597 /* SYActivitiesCell.xib in Resources */,
				9D671ACE1E67E8FC009FB2E1 /* SYNewsType4Cell.xib in Resources */,
			);
			runOnlyForDeploymentPostprocessing = 0;
		};
/* End PBXResourcesBuildPhase section */

/* Begin PBXShellScriptBuildPhase section */
		12D6740C972A981CE27058C9 /* [CP] Embed Pods Frameworks */ = {
			isa = PBXShellScriptBuildPhase;
			buildActionMask = 2147483647;
			files = (
			);
			inputPaths = (
			);
			name = "[CP] Embed Pods Frameworks";
			outputPaths = (
			);
			runOnlyForDeploymentPostprocessing = 0;
			shellPath = /bin/sh;
			shellScript = "\"${SRCROOT}/Pods/Target Support Files/Pods-cqcb/Pods-cqcb-frameworks.sh\"\n";
			showEnvVarsInLog = 0;
		};
		5CE2AE7B78324E7588E5DBFC /* [CP] Copy Pods Resources */ = {
			isa = PBXShellScriptBuildPhase;
			buildActionMask = 2147483647;
			files = (
			);
			inputPaths = (
			);
			name = "[CP] Copy Pods Resources";
			outputPaths = (
			);
			runOnlyForDeploymentPostprocessing = 0;
			shellPath = /bin/sh;
			shellScript = "\"${SRCROOT}/Pods/Target Support Files/Pods-cqcb/Pods-cqcb-resources.sh\"\n";
			showEnvVarsInLog = 0;
		};
		D3DD4F1EEA16E63E134F1D8A /* [CP] Check Pods Manifest.lock */ = {
			isa = PBXShellScriptBuildPhase;
			buildActionMask = 2147483647;
			files = (
			);
			inputPaths = (
			);
			name = "[CP] Check Pods Manifest.lock";
			outputPaths = (
			);
			runOnlyForDeploymentPostprocessing = 0;
			shellPath = /bin/sh;
			shellScript = "diff \"${PODS_ROOT}/../Podfile.lock\" \"${PODS_ROOT}/Manifest.lock\" > /dev/null\nif [ $? != 0 ] ; then\n    # print error to STDERR\n    echo \"error: The sandbox is not in sync with the Podfile.lock. Run 'pod install' or update your CocoaPods installation.\" >&2\n    exit 1\nfi\n";
			showEnvVarsInLog = 0;
		};
/* End PBXShellScriptBuildPhase section */

/* Begin PBXSourcesBuildPhase section */
		9D41E8351E66656000C0D8B1 /* Sources */ = {
			isa = PBXSourcesBuildPhase;
			buildActionMask = 2147483647;
			files = (
				9D41E8C41E669F8800C0D8B1 /* UINavigationBar+HSNavigationBar.m in Sources */,
				9D671ADC1E67FF64009FB2E1 /* SYNewsDetailWebVC.m in Sources */,
				9D671AC31E67E8E6009FB2E1 /* SYNewsType2Cell.m in Sources */,
				9D671AD71E67F0FA009FB2E1 /* NSString+XMGExtension.m in Sources */,
				9D41E89F1E669DA300C0D8B1 /* SYVRVC.m in Sources */,
				9D41E8991E669D2A00C0D8B1 /* SYActivitiesVC.m in Sources */,
				9D41E8411E66656000C0D8B1 /* AppDelegate.m in Sources */,
				9D41E8BE1E669F8800C0D8B1 /* NSString+HSString.m in Sources */,
				9D41E8C61E669F8800C0D8B1 /* UIView+ZKBView.m in Sources */,
				9D671AD21E67F09A009FB2E1 /* NSCalendar+XMGExtension.m in Sources */,
				9D41E8C91E669FB400C0D8B1 /* HS_Http.m in Sources */,
				9D41E83E1E66656000C0D8B1 /* main.m in Sources */,
				9D671AE11E680C8C009FB2E1 /* SYNewsType5Cell.m in Sources */,
				9D0AB6CC1E69132F00F1E597 /* SYDialogueCell.m in Sources */,
				9D41E8871E666D1A00C0D8B1 /* _JZNavigationInteractiveTransition.m in Sources */,
				9D41E8C01E669F8800C0D8B1 /* UIButton+HSButton.m in Sources */,
				9D41E8D31E66A81100C0D8B1 /* SYUserSingleton.m in Sources */,
				9D671AC81E67E8F2009FB2E1 /* SYNewsType3Cell.m in Sources */,
				879B4D511E672058005950FC /* SYNewsAdModel.m in Sources */,
				9D41E8621E666B0F00C0D8B1 /* SYNavigationController.m in Sources */,
				9D41E8CF1E66A02100C0D8B1 /* SYRefreshFooter.m in Sources */,
				9D41E8A71E669F4000C0D8B1 /* Foundation+Log.m in Sources */,
				9D0AB6D81E691EC900F1E597 /* SYActivitiesSingleModel.m in Sources */,
				9D41E8891E666D1A00C0D8B1 /* NSNumber+JZExtension.m in Sources */,
				9D671ABE1E67C1EE009FB2E1 /* SYNewsType1Cell.m in Sources */,
				9D41E8651E666B3F00C0D8B1 /* SYTabBarController.m in Sources */,
				9D41E8D91E66B80600C0D8B1 /* SYSearchVC.m in Sources */,
				9D0AB6C81E69131F00F1E597 /* SYDialogueSingleModel.m in Sources */,
				9D41E8881E666D1A00C0D8B1 /* _JZValue.m in Sources */,
				9D41E8BF1E669F8800C0D8B1 /* UIBarButtonItem+HSExtension.m in Sources */,
				9D41E8DC1E66BD1E00C0D8B1 /* SYNewsTitleBtn.m in Sources */,
				9D41E8901E666D4400C0D8B1 /* SYNewsVC.m in Sources */,
				9D41E8C51E669F8800C0D8B1 /* UITextField+HSTextField.m in Sources */,
				9D41E88B1E666D1A00C0D8B1 /* UIToolbar+JZExtension.m in Sources */,
				879B4D541E67212A005950FC /* SYNewsSingleModel.m in Sources */,
				9D41E8D61E66A84A00C0D8B1 /* SYAppSingleton.m in Sources */,
				9D41E8C31E669F8800C0D8B1 /* UILabel+HSLabel.m in Sources */,
				87D979021E68710300FAC889 /* SYVRSingleModel.m in Sources */,
				9D41E89C1E669D3D00C0D8B1 /* SYMeVC.m in Sources */,
				9D41E8AB1E669F6500C0D8B1 /* HSManager.m in Sources */,
				9D41E8961E669D0B00C0D8B1 /* SYDialogueVC.m in Sources */,
				9D41E8C21E669F8800C0D8B1 /* UIImageView+HSRound.m in Sources */,
				9D41E88D1E666D1A00C0D8B1 /* UIViewController+JZExtension.m in Sources */,
				9D41E88A1E666D1A00C0D8B1 /* UINavigationBar+JZExtension.m in Sources */,
				879B4D4E1E671CF2005950FC /* SYNewsBasicVC.m in Sources */,
				9D671ACD1E67E8FC009FB2E1 /* SYNewsType4Cell.m in Sources */,
				9D41E8A81E669F4000C0D8B1 /* Reachability.m in Sources */,
				879B4D4B1E670232005950FC /* SYNewsTypeModel.m in Sources */,
				9D0AB6C41E68FE7700F1E597 /* SYVRCell.m in Sources */,
				9D41E88C1E666D1A00C0D8B1 /* UINavigationController+JZExtension.m in Sources */,
				9D0AB6D41E691EB600F1E597 /* SYActivitiesCell.m in Sources */,
				9D41E8C11E669F8800C0D8B1 /* UIImage+Image.m in Sources */,
				9D41E8CC1E669FFA00C0D8B1 /* SYRefreshGifHeader.m in Sources */,
				9D671AD81E67F0FA009FB2E1 /* NSDate+XMGExtension.m in Sources */,
			);
			runOnlyForDeploymentPostprocessing = 0;
		};
/* End PBXSourcesBuildPhase section */

/* Begin PBXVariantGroup section */
		9D41E84A1E66656100C0D8B1 /* LaunchScreen.storyboard */ = {
			isa = PBXVariantGroup;
			children = (
				9D41E84B1E66656100C0D8B1 /* Base */,
			);
			name = LaunchScreen.storyboard;
			sourceTree = "<group>";
		};
/* End PBXVariantGroup section */

/* Begin XCBuildConfiguration section */
		9D41E84E1E66656100C0D8B1 /* Debug */ = {
			isa = XCBuildConfiguration;
			buildSettings = {
				ALWAYS_SEARCH_USER_PATHS = NO;
				CLANG_ANALYZER_NONNULL = YES;
				CLANG_CXX_LANGUAGE_STANDARD = "gnu++0x";
				CLANG_CXX_LIBRARY = "libc++";
				CLANG_ENABLE_MODULES = YES;
				CLANG_ENABLE_OBJC_ARC = YES;
				CLANG_WARN_BOOL_CONVERSION = YES;
				CLANG_WARN_CONSTANT_CONVERSION = YES;
				CLANG_WARN_DIRECT_OBJC_ISA_USAGE = YES_ERROR;
				CLANG_WARN_DOCUMENTATION_COMMENTS = YES;
				CLANG_WARN_EMPTY_BODY = YES;
				CLANG_WARN_ENUM_CONVERSION = YES;
				CLANG_WARN_INFINITE_RECURSION = YES;
				CLANG_WARN_INT_CONVERSION = YES;
				CLANG_WARN_OBJC_ROOT_CLASS = YES_ERROR;
				CLANG_WARN_SUSPICIOUS_MOVE = YES;
				CLANG_WARN_UNREACHABLE_CODE = YES;
				CLANG_WARN__DUPLICATE_METHOD_MATCH = YES;
				"CODE_SIGN_IDENTITY[sdk=iphoneos*]" = "iPhone Developer";
				COPY_PHASE_STRIP = NO;
				DEBUG_INFORMATION_FORMAT = dwarf;
				ENABLE_STRICT_OBJC_MSGSEND = YES;
				ENABLE_TESTABILITY = YES;
				GCC_C_LANGUAGE_STANDARD = gnu99;
				GCC_DYNAMIC_NO_PIC = NO;
				GCC_NO_COMMON_BLOCKS = YES;
				GCC_OPTIMIZATION_LEVEL = 0;
				GCC_PREPROCESSOR_DEFINITIONS = (
					"DEBUG=1",
					"$(inherited)",
				);
				GCC_WARN_64_TO_32_BIT_CONVERSION = YES;
				GCC_WARN_ABOUT_RETURN_TYPE = YES_ERROR;
				GCC_WARN_UNDECLARED_SELECTOR = YES;
				GCC_WARN_UNINITIALIZED_AUTOS = YES_AGGRESSIVE;
				GCC_WARN_UNUSED_FUNCTION = YES;
				GCC_WARN_UNUSED_VARIABLE = YES;
				IPHONEOS_DEPLOYMENT_TARGET = 10.2;
				MTL_ENABLE_DEBUG_INFO = YES;
				ONLY_ACTIVE_ARCH = YES;
				SDKROOT = iphoneos;
			};
			name = Debug;
		};
		9D41E84F1E66656100C0D8B1 /* Release */ = {
			isa = XCBuildConfiguration;
			buildSettings = {
				ALWAYS_SEARCH_USER_PATHS = NO;
				CLANG_ANALYZER_NONNULL = YES;
				CLANG_CXX_LANGUAGE_STANDARD = "gnu++0x";
				CLANG_CXX_LIBRARY = "libc++";
				CLANG_ENABLE_MODULES = YES;
				CLANG_ENABLE_OBJC_ARC = YES;
				CLANG_WARN_BOOL_CONVERSION = YES;
				CLANG_WARN_CONSTANT_CONVERSION = YES;
				CLANG_WARN_DIRECT_OBJC_ISA_USAGE = YES_ERROR;
				CLANG_WARN_DOCUMENTATION_COMMENTS = YES;
				CLANG_WARN_EMPTY_BODY = YES;
				CLANG_WARN_ENUM_CONVERSION = YES;
				CLANG_WARN_INFINITE_RECURSION = YES;
				CLANG_WARN_INT_CONVERSION = YES;
				CLANG_WARN_OBJC_ROOT_CLASS = YES_ERROR;
				CLANG_WARN_SUSPICIOUS_MOVE = YES;
				CLANG_WARN_UNREACHABLE_CODE = YES;
				CLANG_WARN__DUPLICATE_METHOD_MATCH = YES;
				"CODE_SIGN_IDENTITY[sdk=iphoneos*]" = "iPhone Developer";
				COPY_PHASE_STRIP = NO;
				DEBUG_INFORMATION_FORMAT = "dwarf-with-dsym";
				ENABLE_NS_ASSERTIONS = NO;
				ENABLE_STRICT_OBJC_MSGSEND = YES;
				GCC_C_LANGUAGE_STANDARD = gnu99;
				GCC_NO_COMMON_BLOCKS = YES;
				GCC_WARN_64_TO_32_BIT_CONVERSION = YES;
				GCC_WARN_ABOUT_RETURN_TYPE = YES_ERROR;
				GCC_WARN_UNDECLARED_SELECTOR = YES;
				GCC_WARN_UNINITIALIZED_AUTOS = YES_AGGRESSIVE;
				GCC_WARN_UNUSED_FUNCTION = YES;
				GCC_WARN_UNUSED_VARIABLE = YES;
				IPHONEOS_DEPLOYMENT_TARGET = 10.2;
				MTL_ENABLE_DEBUG_INFO = NO;
				SDKROOT = iphoneos;
				VALIDATE_PRODUCT = YES;
			};
			name = Release;
		};
		9D41E8511E66656100C0D8B1 /* Debug */ = {
			isa = XCBuildConfiguration;
			baseConfigurationReference = D261A0EF6EACB7872134CB2B /* Pods-cqcb.debug.xcconfig */;
			buildSettings = {
				ASSETCATALOG_COMPILER_APPICON_NAME = AppIcon;
				ASSETCATALOG_COMPILER_LAUNCHIMAGE_NAME = LaunchImage;
				DEVELOPMENT_TEAM = VMU346QXHU;
				GCC_PREFIX_HEADER = "$(PRODUCT_NAME)/PrefixHeader.pch";
				INFOPLIST_FILE = cqcb/Info.plist;
				IPHONEOS_DEPLOYMENT_TARGET = 9.0;
				LD_RUNPATH_SEARCH_PATHS = "$(inherited) @executable_path/Frameworks";
				PRODUCT_BUNDLE_IDENTIFIER = com.houshuai.cqcb;
				PRODUCT_NAME = "$(TARGET_NAME)";
			};
			name = Debug;
		};
		9D41E8521E66656100C0D8B1 /* Release */ = {
			isa = XCBuildConfiguration;
			baseConfigurationReference = A7ADAEB3866EC9205FFEFD7B /* Pods-cqcb.release.xcconfig */;
			buildSettings = {
				ASSETCATALOG_COMPILER_APPICON_NAME = AppIcon;
				ASSETCATALOG_COMPILER_LAUNCHIMAGE_NAME = LaunchImage;
				DEVELOPMENT_TEAM = VMU346QXHU;
				GCC_PREFIX_HEADER = "$(PRODUCT_NAME)/PrefixHeader.pch";
				INFOPLIST_FILE = cqcb/Info.plist;
				IPHONEOS_DEPLOYMENT_TARGET = 9.0;
				LD_RUNPATH_SEARCH_PATHS = "$(inherited) @executable_path/Frameworks";
				PRODUCT_BUNDLE_IDENTIFIER = com.houshuai.cqcb;
				PRODUCT_NAME = "$(TARGET_NAME)";
			};
			name = Release;
		};
/* End XCBuildConfiguration section */

/* Begin XCConfigurationList section */
		9D41E8341E66656000C0D8B1 /* Build configuration list for PBXProject "cqcb" */ = {
			isa = XCConfigurationList;
			buildConfigurations = (
				9D41E84E1E66656100C0D8B1 /* Debug */,
				9D41E84F1E66656100C0D8B1 /* Release */,
			);
			defaultConfigurationIsVisible = 0;
			defaultConfigurationName = Release;
		};
		9D41E8501E66656100C0D8B1 /* Build configuration list for PBXNativeTarget "cqcb" */ = {
			isa = XCConfigurationList;
			buildConfigurations = (
				9D41E8511E66656100C0D8B1 /* Debug */,
				9D41E8521E66656100C0D8B1 /* Release */,
			);
			defaultConfigurationIsVisible = 0;
			defaultConfigurationName = Release;
		};
/* End XCConfigurationList section */
	};
	rootObject = 9D41E8311E66656000C0D8B1 /* Project object */;
}
